
Microsoft Visual Studio Solution File, Format Version 12.00
# Visual Studio 15
VisualStudioVersion = 15.0.28307.705
MinimumVisualStudioVersion = 10.0.40219.1
Project("{E24C65DC-7377-472B-9ABA-BC803B73C61A}") = "Display", "Display\", "{42EB2137-91C1-47F2-B613-63313D2090F3}"
	ProjectSection(WebsiteProperties) = preProject
		TargetFrameworkMoniker = ".NETFramework,Version%3Dv4.0"
		ProjectReferences = "{74E18206-ADF7-4627-AB76-B8163969D2CB}|DAL.dll;{FED5A02B-E772-452C-9CF4-50D9FC60018C}|Model.dll;{e55d61af-f362-48be-8d8a-0193cebc90aa}|DisplayBLL.dll;{9ff596d6-0319-49d9-82d8-29a46abea489}|Tool.dll;{f0bffd37-457b-4ba7-ab1b-0a3ffd013aed}|Tcp.dll;"
		Debug.AspNetCompiler.VirtualPath = "/Display"
		Debug.AspNetCompiler.PhysicalPath = "Display\"
		Debug.AspNetCompiler.TargetPath = "PrecompiledWeb\Display\"
		Debug.AspNetCompiler.Updateable = "true"
		Debug.AspNetCompiler.ForceOverwrite = "true"
		Debug.AspNetCompiler.FixedNames = "false"
		Debug.AspNetCompiler.Debug = "True"
		Release.AspNetCompiler.VirtualPath = "/Display"
		Release.AspNetCompiler.PhysicalPath = "Display\"
		Release.AspNetCompiler.TargetPath = "PrecompiledWeb\Display\"
		Release.AspNetCompiler.Updateable = "true"
		Release.AspNetCompiler.ForceOverwrite = "true"
		Release.AspNetCompiler.FixedNames = "false"
		Release.AspNetCompiler.Debug = "False"
		VWDPort = "2606"
		SlnRelativePath = "Display\"
		DefaultWebSiteLanguage = "Visual C#"
	EndProjectSection
EndProject
Project("{FAE04EC0-301F-11D3-BF4B-00C04F79EFBC}") = "DAL", "DAL\DAL.csproj", "{74E18206-ADF7-4627-AB76-B8163969D2CB}"
EndProject
Project("{FAE04EC0-301F-11D3-BF4B-00C04F79EFBC}") = "Model", "Model\Model.csproj", "{FED5A02B-E772-452C-9CF4-50D9FC60018C}"
EndProject
Project("{FAE04EC0-301F-11D3-BF4B-00C04F79EFBC}") = "DisplayBLL", "DisplayBLL\DisplayBLL.csproj", "{E55D61AF-F362-48BE-8D8A-0193CEBC90AA}"
EndProject
Project("{FAE04EC0-301F-11D3-BF4B-00C04F79EFBC}") = "Tool", "Tool\Tool.csproj", "{9FF596D6-0319-49D9-82D8-29A46ABEA489}"
EndProject
Project("{FAE04EC0-301F-11D3-BF4B-00C04F79EFBC}") = "Tcp", "Tcp\Tcp.csproj", "{F0BFFD37-457B-4BA7-AB1B-0A3FFD013AED}"
EndProject
Project("{FAE04EC0-301F-11D3-BF4B-00C04F79EFBC}") = "WF", "WF\WF.csproj", "{9DD90817-D447-4FD6-B8F5-44777058F312}"
EndProject
Global
	GlobalSection(SolutionConfigurationPlatforms) = preSolution
		Debug|Any CPU = Debug|Any CPU
		Debug|Mixed Platforms = Debug|Mixed Platforms
		Debug|x86 = Debug|x86
		Release|Any CPU = Release|Any CPU
		Release|Mixed Platforms = Release|Mixed Platforms
		Release|x86 = Release|x86
	EndGlobalSection
	GlobalSection(ProjectConfigurationPlatforms) = postSolution
		{42EB2137-91C1-47F2-B613-63313D2090F3}.Debug|Any CPU.ActiveCfg = Debug|Any CPU
		{42EB2137-91C1-47F2-B613-63313D2090F3}.Debug|Any CPU.Build.0 = Debug|Any CPU
		{42EB2137-91C1-47F2-B613-63313D2090F3}.Debug|Mixed Platforms.ActiveCfg = Debug|Any CPU
		{42EB2137-91C1-47F2-B613-63313D2090F3}.Debug|Mixed Platforms.Build.0 = Debug|Any CPU
		{42EB2137-91C1-47F2-B613-63313D2090F3}.Debug|x86.ActiveCfg = Debug|Any CPU
		{42EB2137-91C1-47F2-B613-63313D2090F3}.Release|Any CPU.ActiveCfg = Debug|Any CPU
		{42EB2137-91C1-47F2-B613-63313D2090F3}.Release|Any CPU.Build.0 = Debug|Any CPU
		{42EB2137-91C1-47F2-B613-63313D2090F3}.Release|Mixed Platforms.ActiveCfg = Debug|Any CPU
		{42EB2137-91C1-47F2-B613-63313D2090F3}.Release|Mixed Platforms.Build.0 = Debug|Any CPU
		{42EB2137-91C1-47F2-B613-63313D2090F3}.Release|x86.ActiveCfg = Debug|Any CPU
		{74E18206-ADF7-4627-AB76-B8163969D2CB}.Debug|Any CPU.ActiveCfg = Debug|Any CPU
		{74E18206-ADF7-4627-AB76-B8163969D2CB}.Debug|Any CPU.Build.0 = Debug|Any CPU
		{74E18206-ADF7-4627-AB76-B8163969D2CB}.Debug|Mixed Platforms.ActiveCfg = Debug|Any CPU
		{74E18206-ADF7-4627-AB76-B8163969D2CB}.Debug|Mixed Platforms.Build.0 = Debug|Any CPU
		{74E18206-ADF7-4627-AB76-B8163969D2CB}.Debug|x86.ActiveCfg = Debug|Any CPU
		{74E18206-ADF7-4627-AB76-B8163969D2CB}.Release|Any CPU.ActiveCfg = Release|Any CPU
		{74E18206-ADF7-4627-AB76-B8163969D2CB}.Release|Any CPU.Build.0 = Release|Any CPU
		{74E18206-ADF7-4627-AB76-B8163969D2CB}.Release|Mixed Platforms.ActiveCfg = Release|Any CPU
		{74E18206-ADF7-4627-AB76-B8163969D2CB}.Release|Mixed Platforms.Build.0 = Release|Any CPU
		{74E18206-ADF7-4627-AB76-B8163969D2CB}.Release|x86.ActiveCfg = Release|Any CPU
		{FED5A02B-E772-452C-9CF4-50D9FC60018C}.Debug|Any CPU.ActiveCfg = Debug|Any CPU
		{FED5A02B-E772-452C-9CF4-50D9FC60018C}.Debug|Any CPU.Build.0 = Debug|Any CPU
		{FED5A02B-E772-452C-9CF4-50D9FC60018C}.Debug|Mixed Platforms.ActiveCfg = Debug|Any CPU
		{FED5A02B-E772-452C-9CF4-50D9FC60018C}.Debug|Mixed Platforms.Build.0 = Debug|Any CPU
		{FED5A02B-E772-452C-9CF4-50D9FC60018C}.Debug|x86.ActiveCfg = Debug|Any CPU
		{FED5A02B-E772-452C-9CF4-50D9FC60018C}.Release|Any CPU.ActiveCfg = Release|Any CPU
		{FED5A02B-E772-452C-9CF4-50D9FC60018C}.Release|Any CPU.Build.0 = Release|Any CPU
		{FED5A02B-E772-452C-9CF4-50D9FC60018C}.Release|Mixed Platforms.ActiveCfg = Release|Any CPU
		{FED5A02B-E772-452C-9CF4-50D9FC60018C}.Release|Mixed Platforms.Build.0 = Release|Any CPU
		{FED5A02B-E772-452C-9CF4-50D9FC60018C}.Release|x86.ActiveCfg = Release|Any CPU
		{E55D61AF-F362-48BE-8D8A-0193CEBC90AA}.Debug|Any CPU.ActiveCfg = Debug|Any CPU
		{E55D61AF-F362-48BE-8D8A-0193CEBC90AA}.Debug|Any CPU.Build.0 = Debug|Any CPU
		{E55D61AF-F362-48BE-8D8A-0193CEBC90AA}.Debug|Mixed Platforms.ActiveCfg = Debug|Any CPU
		{E55D61AF-F362-48BE-8D8A-0193CEBC90AA}.Debug|Mixed Platforms.Build.0 = Debug|Any CPU
		{E55D61AF-F362-48BE-8D8A-0193CEBC90AA}.Debug|x86.ActiveCfg = Debug|Any CPU
		{E55D61AF-F362-48BE-8D8A-0193CEBC90AA}.Debug|x86.Build.0 = Debug|Any CPU
		{E55D61AF-F362-48BE-8D8A-0193CEBC90AA}.Release|Any CPU.ActiveCfg = Release|Any CPU
		{E55D61AF-F362-48BE-8D8A-0193CEBC90AA}.Release|Any CPU.Build.0 = Release|Any CPU
		{E55D61AF-F362-48BE-8D8A-0193CEBC90AA}.Release|Mixed Platforms.ActiveCfg = Release|Any CPU
		{E55D61AF-F362-48BE-8D8A-0193CEBC90AA}.Release|Mixed Platforms.Build.0 = Release|Any CPU
		{E55D61AF-F362-48BE-8D8A-0193CEBC90AA}.Release|x86.ActiveCfg = Release|Any CPU
		{E55D61AF-F362-48BE-8D8A-0193CEBC90AA}.Release|x86.Build.0 = Release|Any CPU
		{9FF596D6-0319-49D9-82D8-29A46ABEA489}.Debug|Any CPU.ActiveCfg = Debug|Any CPU
		{9FF596D6-0319-49D9-82D8-29A46ABEA489}.Debug|Any CPU.Build.0 = Debug|Any CPU
		{9FF596D6-0319-49D9-82D8-29A46ABEA489}.Debug|Mixed Platforms.ActiveCfg = Debug|Any CPU
		{9FF596D6-0319-49D9-82D8-29A46ABEA489}.Debug|Mixed Platforms.Build.0 = Debug|Any CPU
		{9FF596D6-0319-49D9-82D8-29A46ABEA489}.Debug|x86.ActiveCfg = Debug|Any CPU
		{9FF596D6-0319-49D9-82D8-29A46ABEA489}.Debug|x86.Build.0 = Debug|Any CPU
		{9FF596D6-0319-49D9-82D8-29A46ABEA489}.Release|Any CPU.ActiveCfg = Release|Any CPU
		{9FF596D6-0319-49D9-82D8-29A46ABEA489}.Release|Any CPU.Build.0 = Release|Any CPU
		{9FF596D6-0319-49D9-82D8-29A46ABEA489}.Release|Mixed Platforms.ActiveCfg = Release|Any CPU
		{9FF596D6-0319-49D9-82D8-29A46ABEA489}.Release|Mixed Platforms.Build.0 = Release|Any CPU
		{9FF596D6-0319-49D9-82D8-29A46ABEA489}.Release|x86.ActiveCfg = Release|Any CPU
		{9FF596D6-0319-49D9-82D8-29A46ABEA489}.Release|x86.Build.0 = Release|Any CPU
		{F0BFFD37-457B-4BA7-AB1B-0A3FFD013AED}.Debug|Any CPU.ActiveCfg = Debug|x86
		{F0BFFD37-457B-4BA7-AB1B-0A3FFD013AED}.Debug|Mixed Platforms.ActiveCfg = Debug|x86
		{F0BFFD37-457B-4BA7-AB1B-0A3FFD013AED}.Debug|Mixed Platforms.Build.0 = Debug|x86
		{F0BFFD37-457B-4BA7-AB1B-0A3FFD013AED}.Debug|x86.ActiveCfg = Debug|x86
		{F0BFFD37-457B-4BA7-AB1B-0A3FFD013AED}.Debug|x86.Build.0 = Debug|x86
		{F0BFFD37-457B-4BA7-AB1B-0A3FFD013AED}.Release|Any CPU.ActiveCfg = Release|x86
		{F0BFFD37-457B-4BA7-AB1B-0A3FFD013AED}.Release|Mixed Platforms.ActiveCfg = Release|x86
		{F0BFFD37-457B-4BA7-AB1B-0A3FFD013AED}.Release|Mixed Platforms.Build.0 = Release|x86
		{F0BFFD37-457B-4BA7-AB1B-0A3FFD013AED}.Release|x86.ActiveCfg = Release|x86
		{F0BFFD37-457B-4BA7-AB1B-0A3FFD013AED}.Release|x86.Build.0 = Release|x86
		{9DD90817-D447-4FD6-B8F5-44777058F312}.Debug|Any CPU.ActiveCfg = Debug|Any CPU
		{9DD90817-D447-4FD6-B8F5-44777058F312}.Debug|Any CPU.Build.0 = Debug|Any CPU
		{9DD90817-D447-4FD6-B8F5-44777058F312}.Debug|Mixed Platforms.ActiveCfg = Debug|Any CPU
		{9DD90817-D447-4FD6-B8F5-44777058F312}.Debug|Mixed Platforms.Build.0 = Debug|Any CPU
		{9DD90817-D447-4FD6-B8F5-44777058F312}.Debug|x86.ActiveCfg = Debug|Any CPU
		{9DD90817-D447-4FD6-B8F5-44777058F312}.Debug|x86.Build.0 = Debug|Any CPU
		{9DD90817-D447-4FD6-B8F5-44777058F312}.Release|Any CPU.ActiveCfg = Release|Any CPU
		{9DD90817-D447-4FD6-B8F5-44777058F312}.Release|Any CPU.Build.0 = Release|Any CPU
		{9DD90817-D447-4FD6-B8F5-44777058F312}.Release|Mixed Platforms.ActiveCfg = Release|Any CPU
		{9DD90817-D447-4FD6-B8F5-44777058F312}.Release|Mixed Platforms.Build.0 = Release|Any CPU
		{9DD90817-D447-4FD6-B8F5-44777058F312}.Release|x86.ActiveCfg = Release|Any CPU
		{9DD90817-D447-4FD6-B8F5-44777058F312}.Release|x86.Build.0 = Release|Any CPU
	EndGlobalSection
	GlobalSection(SolutionProperties) = preSolution
		HideSolutionNode = FALSE
	EndGlobalSection
	GlobalSection(ExtensibilityGlobals) = postSolution
		SolutionGuid = {C4761DD0-157A-4B1D-90EC-6D1E11F89534}
	EndGlobalSection
EndGlobal
